
Microsoft Visual Studio Solution File, Format Version 12.00
# Visual Studio Version 16
VisualStudioVersion = 16.0.30320.27
MinimumVisualStudioVersion = 10.0.40219.1
Project("{9A19103F-16F7-4668-BE54-9A1E7A4F7556}") = "Runner", "Runner\Runner.csproj", "{925F5BA8-FC9D-45BC-8013-AF95C67ED742}"
EndProject
Project("{9A19103F-16F7-4668-BE54-9A1E7A4F7556}") = "Benchmarks", "Benchmarks\Benchmarks.csproj", "{023E0805-E13F-48F6-B0AC-776E7DAC8E18}"
EndProject
Project("{9A19103F-16F7-4668-BE54-9A1E7A4F7556}") = "Benchmarks.Tests", "Tests\Benchmarks.Tests.csproj", "{1D633525-3B20-4D77-81AF-F5311E054C06}"
EndProject
Project("{9A19103F-16F7-4668-BE54-9A1E7A4F7556}") = "Unity.v4", "Adapters\V4\Unity.v4.csproj", "{82430F08-BA18-4B17-8DBD-EC4BF252B9E8}"
EndProject
Project("{2150E333-8FDC-42A3-9474-1A3956D46DE8}") = "Adapters", "Adapters", "{F2EBE6DD-CCF5-4261-8ADD-0C9083182126}"
EndProject
Project("{9A19103F-16F7-4668-BE54-9A1E7A4F7556}") = "Unity.v5", "Adapters\V5\Unity.v5.csproj", "{DA97DF63-35B3-48D7-BBBA-C0FF6549DF3F}"
EndProject
Project("{9A19103F-16F7-4668-BE54-9A1E7A4F7556}") = "Unity.v6", "Adapters\V6\Unity.v6.csproj", "{D6DB1CC8-73C5-4C59-9CDC-93B420810762}"
EndProject
Project("{2150E333-8FDC-42A3-9474-1A3956D46DE8}") = "Properties", "Properties", "{C225A393-5507-4780-ADEE-EFA5F8FE82F7}"
	ProjectSection(SolutionItems) = preProject
		Directory.Build.props = Directory.Build.props
	EndProjectSection
EndProject
Global
	GlobalSection(SolutionConfigurationPlatforms) = preSolution
		Debug|Any CPU = Debug|Any CPU
		Release|Any CPU = Release|Any CPU
	EndGlobalSection
	GlobalSection(ProjectConfigurationPlatforms) = postSolution
		{925F5BA8-FC9D-45BC-8013-AF95C67ED742}.Debug|Any CPU.ActiveCfg = Debug|Any CPU
		{925F5BA8-FC9D-45BC-8013-AF95C67ED742}.Debug|Any CPU.Build.0 = Debug|Any CPU
		{925F5BA8-FC9D-45BC-8013-AF95C67ED742}.Release|Any CPU.ActiveCfg = Release|Any CPU
		{925F5BA8-FC9D-45BC-8013-AF95C67ED742}.Release|Any CPU.Build.0 = Release|Any CPU
		{023E0805-E13F-48F6-B0AC-776E7DAC8E18}.Debug|Any CPU.ActiveCfg = Release|Any CPU
		{023E0805-E13F-48F6-B0AC-776E7DAC8E18}.Debug|Any CPU.Build.0 = Release|Any CPU
		{023E0805-E13F-48F6-B0AC-776E7DAC8E18}.Release|Any CPU.ActiveCfg = Release|Any CPU
		{023E0805-E13F-48F6-B0AC-776E7DAC8E18}.Release|Any CPU.Build.0 = Release|Any CPU
		{1D633525-3B20-4D77-81AF-F5311E054C06}.Debug|Any CPU.ActiveCfg = Debug|Any CPU
		{1D633525-3B20-4D77-81AF-F5311E054C06}.Debug|Any CPU.Build.0 = Debug|Any CPU
		{1D633525-3B20-4D77-81AF-F5311E054C06}.Release|Any CPU.ActiveCfg = Release|Any CPU
		{1D633525-3B20-4D77-81AF-F5311E054C06}.Release|Any CPU.Build.0 = Release|Any CPU
		{82430F08-BA18-4B17-8DBD-EC4BF252B9E8}.Debug|Any CPU.ActiveCfg = Debug|Any CPU
		{82430F08-BA18-4B17-8DBD-EC4BF252B9E8}.Debug|Any CPU.Build.0 = Debug|Any CPU
		{82430F08-BA18-4B17-8DBD-EC4BF252B9E8}.Release|Any CPU.ActiveCfg = Release|Any CPU
		{82430F08-BA18-4B17-8DBD-EC4BF252B9E8}.Release|Any CPU.Build.0 = Release|Any CPU
		{DA97DF63-35B3-48D7-BBBA-C0FF6549DF3F}.Debug|Any CPU.ActiveCfg = Debug|Any CPU
		{DA97DF63-35B3-48D7-BBBA-C0FF6549DF3F}.Debug|Any CPU.Build.0 = Debug|Any CPU
		{DA97DF63-35B3-48D7-BBBA-C0FF6549DF3F}.Release|Any CPU.ActiveCfg = Release|Any CPU
		{DA97DF63-35B3-48D7-BBBA-C0FF6549DF3F}.Release|Any CPU.Build.0 = Release|Any CPU
		{D6DB1CC8-73C5-4C59-9CDC-93B420810762}.Debug|Any CPU.ActiveCfg = Debug|Any CPU
		{D6DB1CC8-73C5-4C59-9CDC-93B420810762}.Debug|Any CPU.Build.0 = Debug|Any CPU
		{D6DB1CC8-73C5-4C59-9CDC-93B420810762}.Release|Any CPU.ActiveCfg = Release|Any CPU
		{D6DB1CC8-73C5-4C59-9CDC-93B420810762}.Release|Any CPU.Build.0 = Release|Any CPU
	EndGlobalSection
	GlobalSection(SolutionProperties) = preSolution
		HideSolutionNode = FALSE
	EndGlobalSection
	GlobalSection(NestedProjects) = preSolution
		{82430F08-BA18-4B17-8DBD-EC4BF252B9E8} = {F2EBE6DD-CCF5-4261-8ADD-0C9083182126}
		{DA97DF63-35B3-48D7-BBBA-C0FF6549DF3F} = {F2EBE6DD-CCF5-4261-8ADD-0C9083182126}
		{D6DB1CC8-73C5-4C59-9CDC-93B420810762} = {F2EBE6DD-CCF5-4261-8ADD-0C9083182126}
	EndGlobalSection
	GlobalSection(ExtensibilityGlobals) = postSolution
		SolutionGuid = {032A4232-BBBB-431E-A478-D3EAA6CA330C}
	EndGlobalSection
EndGlobal
