
Microsoft Visual Studio Solution File, Format Version 12.00
# Visual Studio Version 17
VisualStudioVersion = 17.4.33403.182
MinimumVisualStudioVersion = 10.0.40219.1
Project("{9A19103F-16F7-4668-BE54-9A1E7A4F7556}") = "Unity.Container", "src\Unity.Container.csproj", "{EE1F752C-1FAB-41AD-AD63-857D0E62AB6B}"
EndProject
Project("{2150E333-8FDC-42A3-9474-1A3956D46DE8}") = "Solution Items", "Solution Items", "{3C9F16EF-13B4-426C-B6E2-1BE61D2BE260}"
	ProjectSection(SolutionItems) = preProject
		appveyor.yml = appveyor.yml
		package.props = package.props
		RELEASE-NOTES.txt = RELEASE-NOTES.txt
	EndProjectSection
EndProject
Project("{9A19103F-16F7-4668-BE54-9A1E7A4F7556}") = "Container.Unit.Tests", "tests\Unit\Container.Unit.Tests.csproj", "{29E30E86-8989-45BD-AD0E-AE061CD01175}"
EndProject
Global
	GlobalSection(SolutionConfigurationPlatforms) = preSolution
		Debug|Any CPU = Debug|Any CPU
		Release|Any CPU = Release|Any CPU
	EndGlobalSection
	GlobalSection(ProjectConfigurationPlatforms) = postSolution
		{EE1F752C-1FAB-41AD-AD63-857D0E62AB6B}.Debug|Any CPU.ActiveCfg = Debug|Any CPU
		{EE1F752C-1FAB-41AD-AD63-857D0E62AB6B}.Debug|Any CPU.Build.0 = Debug|Any CPU
		{EE1F752C-1FAB-41AD-AD63-857D0E62AB6B}.Release|Any CPU.ActiveCfg = Release|Any CPU
		{EE1F752C-1FAB-41AD-AD63-857D0E62AB6B}.Release|Any CPU.Build.0 = Release|Any CPU
		{29E30E86-8989-45BD-AD0E-AE061CD01175}.Debug|Any CPU.ActiveCfg = Debug|Any CPU
		{29E30E86-8989-45BD-AD0E-AE061CD01175}.Debug|Any CPU.Build.0 = Debug|Any CPU
		{29E30E86-8989-45BD-AD0E-AE061CD01175}.Release|Any CPU.ActiveCfg = Release|Any CPU
		{29E30E86-8989-45BD-AD0E-AE061CD01175}.Release|Any CPU.Build.0 = Release|Any CPU
	EndGlobalSection
	GlobalSection(SolutionProperties) = preSolution
		HideSolutionNode = FALSE
	EndGlobalSection
	GlobalSection(ExtensibilityGlobals) = postSolution
		SolutionGuid = {7D864CD1-AEA6-4EDF-B8F8-071CE7F88251}
	EndGlobalSection
EndGlobal
